
Microsoft Visual Studio Solution File, Format Version 12.00
# Visual Studio 15
Project("{FAE04EC0-301F-11D3-BF4B-00C04F79EFBC}") = "WebSocket", "WebSocket\WebSocket.csproj", "{20C3AD34-CF9D-4B0E-93C2-4EA1D738E813}"
EndProject
Project("{FAE04EC0-301F-11D3-BF4B-00C04F79EFBC}") = "Model", "Model\Model.csproj", "{9B711997-C925-4EBA-9A40-698096BFF79C}"
EndProject
Global
	GlobalSection(SolutionConfigurationPlatforms) = preSolution
		Debug|Any CPU = Debug|Any CPU
		Release|Any CPU = Release|Any CPU
	EndGlobalSection
	GlobalSection(ProjectConfigurationPlatforms) = postSolution
		{20C3AD34-CF9D-4B0E-93C2-4EA1D738E813}.Debug|Any CPU.ActiveCfg = Debug|Any CPU
		{20C3AD34-CF9D-4B0E-93C2-4EA1D738E813}.Debug|Any CPU.Build.0 = Debug|Any CPU
		{20C3AD34-CF9D-4B0E-93C2-4EA1D738E813}.Release|Any CPU.ActiveCfg = Release|Any CPU
		{20C3AD34-CF9D-4B0E-93C2-4EA1D738E813}.Release|Any CPU.Build.0 = Release|Any CPU
		{9B711997-C925-4EBA-9A40-698096BFF79C}.Debug|Any CPU.ActiveCfg = Debug|Any CPU
		{9B711997-C925-4EBA-9A40-698096BFF79C}.Debug|Any CPU.Build.0 = Debug|Any CPU
		{9B711997-C925-4EBA-9A40-698096BFF79C}.Release|Any CPU.ActiveCfg = Release|Any CPU
		{9B711997-C925-4EBA-9A40-698096BFF79C}.Release|Any CPU.Build.0 = Release|Any CPU
	EndGlobalSection
EndGlobal
